dependencies:
- name: common
  repository: https://charts.bitnami.com/bitnami
  version: 2.40.0
- name: database
  repository: file://./database
  version: 0.14.3
- name: harness-secrets
  repository: file://./secrets
  version: 0.12.1
- name: rbac
  repository: file://./rbac
  version: 0.9.0
- name: networking
  repository: file://./networking
  version: 0.10.3
digest: sha256:8f4a0d476648c332a1ebbfec5305b6d68d021cf98ad3d8334c51a8f857399dde
generated: "2026-06-01T07:35:53.08079657Z"
